// !$*UTF8*$!
{
	archiveVersion = 1;
	classes = {
	};
	objectVersion = 46;
	objects = {

/* Begin PBXBuildFile section */
		A72B0D561D1BC14300E45C25 /* AppDelegate.swift in Sources */ = {isa = PBXBuildFile; fileRef = A72B0D551D1BC14300E45C25 /* AppDelegate.swift */; };
		A72B0D581D1BC14300E45C25 /* Assets.xcassets in Resources */ = {isa = PBXBuildFile; fileRef = A72B0D571D1BC14300E45C25 /* Assets.xcassets */; };
		A72B0D5B1D1BC14300E45C25 /* MainMenu.xib in Resources */ = {isa = PBXBuildFile; fileRef = A72B0D591D1BC14300E45C25 /* MainMenu.xib */; };
/* End PBXBuildFile section */

/* Begin PBXFileReference section */
		A72B0D521D1BC14300E45C25 /* FinderPlusPlus.app */ = {isa = PBXFileReference; explicitFileType = wrapper.application; includeInIndex = 0; path = FinderPlusPlus.app; sourceTree = BUILT_PRODUCTS_DIR; };
		A72B0D551D1BC14300E45C25 /* AppDelegate.swift */ = {isa = PBXFileReference; lastKnownFileType = sourcecode.swift; path = AppDelegate.swift; sourceTree = "<group>"; };
		A72B0D571D1BC14300E45C25 /* Assets.xcassets */ = {isa = PBXFileReference; lastKnownFileType = folder.assetcatalog; path = Assets.xcassets; sourceTree = "<group>"; };
		A72B0D5A1D1BC14300E45C25 /* Base */ = {isa = PBXFileReference; lastKnownFileType = file.xib; name = Base; path = Base.lproj/MainMenu.xib; sourceTree = "<group>"; };
		A72B0D5C1D1BC14300E45C25 /* Info.plist */ = {isa = PBXFileReference; lastKnownFileType = text.plist.xml; path = Info.plist; sourceTree = "<group>"; };
/* End PBXFileReference section */

/* Begin PBXFrameworksBuildPhase section */
		A72B0D4F1D1BC14300E45C25 /* Frameworks */ = {
			isa = PBXFrameworksBuildPhase;
			buildActionMask = 2147483647;
			files = (
			);
			runOnlyForDeploymentPostprocessing = 0;
		};
/* End PBXFrameworksBuildPhase section */

/* Begin PBXGroup section */
		A72B0D491D1BC14300E45C25 = {
			isa = PBXGroup;
			children = (
				A72B0D541D1BC14300E45C25 /* FinderPlusPlus */,
				A72B0D531D1BC14300E45C25 /* Products */,
			);
			sourceTree = "<group>";
		};
		A72B0D531D1BC14300E45C25 /* Products */ = {
			isa = PBXGroup;
			children = (
				A72B0D521D1BC14300E45C25 /* FinderPlusPlus.app */,
			);
			name = Products;
			sourceTree = "<group>";
		};
		A72B0D541D1BC14300E45C25 /* FinderPlusPlus */ = {
			isa = PBXGroup;
			children = (
				A72B0D551D1BC14300E45C25 /* AppDelegate.swift */,
				A72B0D571D1BC14300E45C25 /* Assets.xcassets */,
				A72B0D591D1BC14300E45C25 /* MainMenu.xib */,
				A72B0D5C1D1BC14300E45C25 /* Info.plist */,
			);
			path = FinderPlusPlus;
			sourceTree = "<group>";
		};
/* End PBXGroup section */

/* Begin PBXNativeTarget section */
		A72B0D511D1BC14300E45C25 /* FinderPlusPlus */ = {
			isa = PBXNativeTarget;
			buildConfigurationList = A72B0D5F1D1BC14300E45C25 /* Build configuration list for PBXNativeTarget "FinderPlusPlus" */;
			buildPhases = (
				A72B0D4E1D1BC14300E45C25 /* Sources */,
				A72B0D4F1D1BC14300E45C25 /* Frameworks */,
				A72B0D501D1BC14300E45C25 /* Resources */,
			);
			buildRules = (
			);
			dependencies = (
			);
			name = FinderPlusPlus;
			productName = FinderPlusPlus;
			productReference = A72B0D521D1BC14300E45C25 /* FinderPlusPlus.app */;
			productType = "com.apple.product-type.application";
		};
/* End PBXNativeTarget section */

/* Begin PBXProject section */
		A72B0D4A1D1BC14300E45C25 /* Project object */ = {
			isa = PBXProject;
			attributes = {
				LastSwiftUpdateCheck = 0730;
				LastUpgradeCheck = 0730;
				ORGANIZATIONNAME = Luavis;
				TargetAttributes = {
					A72B0D511D1BC14300E45C25 = {
						CreatedOnToolsVersion = 7.3.1;
					};
				};
			};
			buildConfigurationList = A72B0D4D1D1BC14300E45C25 /* Build configuration list for PBXProject "FinderPlusPlus" */;
			compatibilityVersion = "Xcode 3.2";
			developmentRegion = English;
			hasScannedForEncodings = 0;
			knownRegions = (
				en,
				Base,
			);
			mainGroup = A72B0D491D1BC14300E45C25;
			productRefGroup = A72B0D531D1BC14300E45C25 /* Products */;
			projectDirPath = "";
			projectRoot = "";
			targets = (
				A72B0D511D1BC14300E45C25 /* FinderPlusPlus */,
			);
		};
/* End PBXProject section */

/* Begin PBXResourcesBuildPhase section */
		A72B0D501D1BC14300E45C25 /* Resources */ = {
			isa = PBXResourcesBuildPhase;
			buildActionMask = 2147483647;
			files = (
				A72B0D581D1BC14300E45C25 /* Assets.xcassets in Resources */,
				A72B0D5B1D1BC14300E45C25 /* MainMenu.xib in Resources */,
			);
			runOnlyForDeploymentPostprocessing = 0;
		};
/* End PBXResourcesBuildPhase section */

/* Begin PBXSourcesBuildPhase section */
		A72B0D4E1D1BC14300E45C25 /* Sources */ = {
			isa = PBXSourcesBuildPhase;
			buildActionMask = 2147483647;
			files = (
				A72B0D561D1BC14300E45C25 /* AppDelegate.swift in Sources */,
			);
			runOnlyForDeploymentPostprocessing = 0;
		};
/* End PBXSourcesBuildPhase section */

/* Begin PBXVariantGroup section */
		A72B0D591D1BC14300E45C25 /* MainMenu.xib */ = {
			isa = PBXVariantGroup;
			children = (
				A72B0D5A1D1BC14300E45C25 /* Base */,
			);
			name = MainMenu.xib;
			sourceTree = "<group>";
		};
/* End PBXVariantGroup section */

/* Begin XCBuildConfiguration section */
		A72B0D5D1D1BC14300E45C25 /* Debug */ = {
			isa = XCBuildConfiguration;
			buildSettings = {
				ALWAYS_SEARCH_USER_PATHS = NO;
				CLANG_ANALYZER_NONNULL = YES;
				CLANG_CXX_LANGUAGE_STANDARD = "gnu++0x";
				CLANG_CXX_LIBRARY = "libc++";
				CLANG_ENABLE_MODULES = YES;
				CLANG_ENABLE_OBJC_ARC = YES;
				CLANG_WARN_BOOL_CONVERSION = YES;
				CLANG_WARN_CONSTANT_CONVERSION = YES;
				CLANG_WARN_DIRECT_OBJC_ISA_USAGE = YES_ERROR;
				CLANG_WARN_EMPTY_BODY = YES;
				CLANG_WARN_ENUM_CONVERSION = YES;
				CLANG_WARN_INT_CONVERSION = YES;
				CLANG_WARN_OBJC_ROOT_CLASS = YES_ERROR;
				CLANG_WARN_UNREACHABLE_CODE = YES;
				CLANG_WARN__DUPLICATE_METHOD_MATCH = YES;
				CODE_SIGN_IDENTITY = "-";
				COPY_PHASE_STRIP = NO;
				DEBUG_INFORMATION_FORMAT = dwarf;
				ENABLE_STRICT_OBJC_MSGSEND = YES;
				ENABLE_TESTABILITY = YES;
				GCC_C_LANGUAGE_STANDARD = gnu99;
				GCC_DYNAMIC_NO_PIC = NO;
				GCC_NO_COMMON_BLOCKS = YES;
				GCC_OPTIMIZATION_LEVEL = 0;
				GCC_PREPROCESSOR_DEFINITIONS = (
					"DEBUG=1",
					"$(inherited)",
				);
				GCC_WARN_64_TO_32_BIT_CONVERSION = YES;
				GCC_WARN_ABOUT_RETURN_TYPE = YES_ERROR;
				GCC_WARN_UNDECLARED_SELECTOR = YES;
				GCC_WARN_UNINITIALIZED_AUTOS = YES_AGGRESSIVE;
				GCC_WARN_UNUSED_FUNCTION = YES;
				GCC_WARN_UNUSED_VARIABLE = YES;
				MACOSX_DEPLOYMENT_TARGET = 10.11;
				MTL_ENABLE_DEBUG_INFO = YES;
				ONLY_ACTIVE_ARCH = YES;
				SDKROOT = macosx;
				SWIFT_OPTIMIZATION_LEVEL = "-Onone";
			};
			name = Debug;
		};
		A72B0D5E1D1BC14300E45C25 /* Release */ = {
			isa = XCBuildConfiguration;
			buildSettings = {
				ALWAYS_SEARCH_USER_PATHS = NO;
				CLANG_ANALYZER_NONNULL = YES;
				CLANG_CXX_LANGUAGE_STANDARD = "gnu++0x";
				CLANG_CXX_LIBRARY = "libc++";
				CLANG_ENABLE_MODULES = YES;
				CLANG_ENABLE_OBJC_ARC = YES;
				CLANG_WARN_BOOL_CONVERSION = YES;
				CLANG_WARN_CONSTANT_CONVERSION = YES;
				CLANG_WARN_DIRECT_OBJC_ISA_USAGE = YES_ERROR;
				CLANG_WARN_EMPTY_BODY = YES;
				CLANG_WARN_ENUM_CONVERSION = YES;
				CLANG_WARN_INT_CONVERSION = YES;
				CLANG_WARN_OBJC_ROOT_CLASS = YES_ERROR;
				CLANG_WARN_UNREACHABLE_CODE = YES;
				CLANG_WARN__DUPLICATE_METHOD_MATCH = YES;
				CODE_SIGN_IDENTITY = "-";
				COPY_PHASE_STRIP = NO;
				DEBUG_INFORMATION_FORMAT = "dwarf-with-dsym";
				ENABLE_NS_ASSERTIONS = NO;
				ENABLE_STRICT_OBJC_MSGSEND = YES;
				GCC_C_LANGUAGE_STANDARD = gnu99;
				GCC_NO_COMMON_BLOCKS = YES;
				GCC_WARN_64_TO_32_BIT_CONVERSION = YES;
				GCC_WARN_ABOUT_RETURN_TYPE = YES_ERROR;
				GCC_WARN_UNDECLARED_SELECTOR = YES;
				GCC_WARN_UNINITIALIZED_AUTOS = YES_AGGRESSIVE;
				GCC_WARN_UNUSED_FUNCTION = YES;
				GCC_WARN_UNUSED_VARIABLE = YES;
				MACOSX_DEPLOYMENT_TARGET = 10.11;
				MTL_ENABLE_DEBUG_INFO = NO;
				SDKROOT = macosx;
			};
			name = Release;
		};
		A72B0D601D1BC14300E45C25 /* Debug */ = {
			isa = XCBuildConfiguration;
			buildSettings = {
				ASSETCATALOG_COMPILER_APPICON_NAME = AppIcon;
				COMBINE_HIDPI_IMAGES = YES;
				INFOPLIST_FILE = FinderPlusPlus/Info.plist;
				LD_RUNPATH_SEARCH_PATHS = "$(inherited) @executable_path/../Frameworks";
				PRODUCT_BUNDLE_IDENTIFIER = luavis.FinderPlusPlus;
				PRODUCT_NAME = "$(TARGET_NAME)";
			};
			name = Debug;
		};
		A72B0D611D1BC14300E45C25 /* Release */ = {
			isa = XCBuildConfiguration;
			buildSettings = {
				ASSETCATALOG_COMPILER_APPICON_NAME = AppIcon;
				COMBINE_HIDPI_IMAGES = YES;
				INFOPLIST_FILE = FinderPlusPlus/Info.plist;
				LD_RUNPATH_SEARCH_PATHS = "$(inherited) @executable_path/../Frameworks";
				PRODUCT_BUNDLE_IDENTIFIER = luavis.FinderPlusPlus;
				PRODUCT_NAME = "$(TARGET_NAME)";
			};
			name = Release;
		};
/* End XCBuildConfiguration section */

/* Begin XCConfigurationList section */
		A72B0D4D1D1BC14300E45C25 /* Build configuration list for PBXProject "FinderPlusPlus" */ = {
			isa = XCConfigurationList;
			buildConfigurations = (
				A72B0D5D1D1BC14300E45C25 /* Debug */,
				A72B0D5E1D1BC14300E45C25 /* Release */,
			);
			defaultConfigurationIsVisible = 0;
			defaultConfigurationName = Release;
		};
		A72B0D5F1D1BC14300E45C25 /* Build configuration list for PBXNativeTarget "FinderPlusPlus" */ = {
			isa = XCConfigurationList;
			buildConfigurations = (
				A72B0D601D1BC14300E45C25 /* Debug */,
				A72B0D611D1BC14300E45C25 /* Release */,
			);
			defaultConfigurationIsVisible = 0;
		};
/* End XCConfigurationList section */
	};
	rootObject = A72B0D4A1D1BC14300E45C25 /* Project object */;
}
